
Microsoft Visual Studio Solution File, Format Version 10.00
# Visual Studio 2008
Project("{FAE04EC0-301F-11D3-BF4B-00C04F79EFBC}") = "IntroToBDD-Sample.Tests", "IntroToBDD-Sample.Tests\IntroToBDD-Sample.Tests.csproj", "{339C598E-52A9-4932-B1B2-FB25BA0626F5}"
EndProject
Global
	GlobalSection(SolutionConfigurationPlatforms) = preSolution
		Debug|Any CPU = Debug|Any CPU
		Release|Any CPU = Release|Any CPU
	EndGlobalSection
	GlobalSection(ProjectConfigurationPlatforms) = postSolution
		{339C598E-52A9-4932-B1B2-FB25BA0626F5}.Debug|Any CPU.ActiveCfg = Debug|Any CPU
		{339C598E-52A9-4932-B1B2-FB25BA0626F5}.Debug|Any CPU.Build.0 = Debug|Any CPU
		{339C598E-52A9-4932-B1B2-FB25BA0626F5}.Release|Any CPU.ActiveCfg = Release|Any CPU
		{339C598E-52A9-4932-B1B2-FB25BA0626F5}.Release|Any CPU.Build.0 = Release|Any CPU
	EndGlobalSection
	GlobalSection(SolutionProperties) = preSolution
		HideSolutionNode = FALSE
	EndGlobalSection
EndGlobal
