
Microsoft Visual Studio Solution File, Format Version 10.00
# Visual Studio 2008
Project("{FAE04EC0-301F-11D3-BF4B-00C04F79EFBC}") = "RefactoringToIoC.Services", "src\RefactoringToIoC.Services\RefactoringToIoC.Services.csproj", "{E8269D42-98C5-48DB-8606-6EE47775D253}"
EndProject
Global
	GlobalSection(SolutionConfigurationPlatforms) = preSolution
		Debug|Any CPU = Debug|Any CPU
		Release|Any CPU = Release|Any CPU
	EndGlobalSection
	GlobalSection(ProjectConfigurationPlatforms) = postSolution
		{E8269D42-98C5-48DB-8606-6EE47775D253}.Debug|Any CPU.ActiveCfg = Debug|Any CPU
		{E8269D42-98C5-48DB-8606-6EE47775D253}.Debug|Any CPU.Build.0 = Debug|Any CPU
		{E8269D42-98C5-48DB-8606-6EE47775D253}.Release|Any CPU.ActiveCfg = Release|Any CPU
		{E8269D42-98C5-48DB-8606-6EE47775D253}.Release|Any CPU.Build.0 = Release|Any CPU
	EndGlobalSection
	GlobalSection(SolutionProperties) = preSolution
		HideSolutionNode = FALSE
	EndGlobalSection
EndGlobal
